Microsoft Visual Studio Solution File, Format Version 12.00
# Visual Studio Version 17
VisualStudioVersion = 17.5.2.0
MinimumVisualStudioVersion = 10.0.40219.1
Project("{FAE04EC0-301F-11D3-BF4B-00C04F79EFBC}") = "ObjectInitialization", "ObjectInitialization.csproj", "{83EAD78D-1BD2-573D-5086-E6644309335E}"
EndProject
Global
	GlobalSection(SolutionConfigurationPlatforms) = preSolution
		Debug|Any CPU = Debug|Any CPU
		Release|Any CPU = Release|Any CPU
	EndGlobalSection
	GlobalSection(ProjectConfigurationPlatforms) = postSolution
		{83EAD78D-1BD2-573D-5086-E6644309335E}.Debug|Any CPU.ActiveCfg = Debug|Any CPU
		{83EAD78D-1BD2-573D-5086-E6644309335E}.Debug|Any CPU.Build.0 = Debug|Any CPU
		{83EAD78D-1BD2-573D-5086-E6644309335E}.Release|Any CPU.ActiveCfg = Release|Any CPU
		{83EAD78D-1BD2-573D-5086-E6644309335E}.Release|Any CPU.Build.0 = Release|Any CPU
	EndGlobalSection
	GlobalSection(SolutionProperties) = preSolution
		HideSolutionNode = FALSE
	EndGlobalSection
	GlobalSection(ExtensibilityGlobals) = postSolution
		SolutionGuid = {CEE660FF-4D82-47AB-9626-BEC92CBBB4FB}
	EndGlobalSection
EndGlobal
